<?xml version="1.0" encoding="UTF-8" standalone="yes" ?>
<CodeBlocks_project_file>
	<FileVersion major="1" minor="6" />
	<Project>
		<Option title="BIU-02-cb" />
		<Option pch_mode="2" />
		<Option compiler="avr-gcc" />
		<Build>
			<Target title="Debug">
				<Option output="bin/Debug/BIU-02-cb.elf" prefix_auto="1" extension_auto="0" />
				<Option working_dir="" />
				<Option object_output="obj/Debug/" />
				<Option type="5" />
				<Option compiler="avr-gcc" />
				<Compiler>
					<Add option="-g" />
					<Add option="-std=gnu99" />
				</Compiler>
			</Target>
			<Environment>
				<Variable name="MCU" value="atmega16" />
			</Environment>
		</Build>
		<Compiler>
			<Add option="-Wall" />
			<Add option="-mmcu=atmega16" />
			<Add option="-DF_CPU=16000000UL" />
		</Compiler>
		<Linker>
			<Add option="-mmcu=atmega16" />
			<Add option="-Wl,-Map=$(TARGET_OUTPUT_DIR)$(TARGET_OUTPUT_BASENAME).map,--cref" />
		</Linker>
		<ExtraCommands>
			<Add after="avr-objdump -h -S $(TARGET_OUTPUT_FILE) &gt; $(TARGET_OUTPUT_DIR)$(TARGET_OUTPUT_BASENAME).lss" />
			<Add after="avr-objcopy -R .eeprom -R .fuse -R .lock -R .signature -O ihex $(TARGET_OUTPUT_FILE) $(TARGET_OUTPUT_DIR)$(TARGET_OUTPUT_BASENAME).hex" />
			<Add after="avr-objcopy --no-change-warnings -j .eeprom --change-section-lma .eeprom=0 -O ihex $(TARGET_OUTPUT_FILE) $(TARGET_OUTPUT_DIR)$(TARGET_OUTPUT_BASENAME).eep" />
			<Add after="avr-objcopy --no-change-warnings -j .lock --change-section-lma .lock=0 -O ihex $(TARGET_OUTPUT_FILE) $(TARGET_OUTPUT_DIR)$(TARGET_OUTPUT_BASENAME).lock" />
			<Add after="avr-objcopy --no-change-warnings -j .signature --change-section-lma .signature=0 -O ihex $(TARGET_OUTPUT_FILE) $(TARGET_OUTPUT_DIR)$(TARGET_OUTPUT_BASENAME).sig" />
			<Add after="avr-objcopy --no-change-warnings -j .fuse --change-section-lma .fuse=0 -O ihex $(TARGET_OUTPUT_FILE) $(TARGET_OUTPUT_DIR)$(TARGET_OUTPUT_BASENAME).fuse" />
			<Add after="srec_cat $(TARGET_OUTPUT_DIR)$(TARGET_OUTPUT_BASENAME).fuse -Intel -crop 0x00 0x01 -offset  0x00 -O $(TARGET_OUTPUT_DIR)$(TARGET_OUTPUT_BASENAME).lfs -Intel " />
			<Add after="srec_cat $(TARGET_OUTPUT_DIR)$(TARGET_OUTPUT_BASENAME).fuse -Intel -crop 0x01 0x02 -offset -0x01 -O $(TARGET_OUTPUT_DIR)$(TARGET_OUTPUT_BASENAME).hfs -Intel " />
		</ExtraCommands>
		<Unit filename="BIU-02-cb.cbp" />
		<Unit filename="BIU-02-cb.layout" />
		<Unit filename="GccApplication2.cproj" />
		<Unit filename="encoders.c">
			<Option compilerVar="CC" />
		</Unit>
		<Unit filename="encoders.h" />
		<Unit filename="flickers.c">
			<Option compilerVar="CC" />
		</Unit>
		<Unit filename="flickers.h" />
		<Unit filename="fuse.c">
			<Option compilerVar="CC" />
		</Unit>
		<Unit filename="header.h" />
		<Unit filename="khc.c">
			<Option compilerVar="CC" />
		</Unit>
		<Unit filename="khc.h" />
		<Unit filename="kru.c">
			<Option compilerVar="CC" />
		</Unit>
		<Unit filename="kru.h" />
		<Unit filename="main.c">
			<Option compilerVar="CC" />
		</Unit>
		<Unit filename="pinDefines.h" />
		<Unit filename="pins.h" />
		<Unit filename="rfsensor.c">
			<Option compilerVar="CC" />
		</Unit>
		<Unit filename="rfsensor.h" />
		<Unit filename="twi.c">
			<Option compilerVar="CC" />
		</Unit>
		<Unit filename="twi.h" />
		<Unit filename="usart.c">
			<Option compilerVar="CC" />
		</Unit>
		<Unit filename="usart.h" />
		<Extensions>
			<code_completion />
			<envvars />
			<debugger />
			<lib_finder disable_auto="1" />
		</Extensions>
	</Project>
</CodeBlocks_project_file>
